
Microsoft Visual Studio Solution File, Format Version 12.00
# Visual Studio Version 17
VisualStudioVersion = 17.4.33110.190
MinimumVisualStudioVersion = 10.0.40219.1
Project("{9A19103F-16F7-4668-BE54-9A1E7A4F7556}") = "WebApi", "WebApi\WebApi.csproj", "{30B82050-8EF9-49FF-A1C6-6F20803252F4}"
EndProject
Project("{9A19103F-16F7-4668-BE54-9A1E7A4F7556}") = "DotNetCore3", "..\DotNetCore3\DotNetCore3\DotNetCore3.csproj", "{CB1FC32C-CC35-4A2C-8AD7-9C06636C169F}"
EndProject
Global
	GlobalSection(SolutionConfigurationPlatforms) = preSolution
		Debug|Any CPU = Debug|Any CPU
		Release|Any CPU = Release|Any CPU
	EndGlobalSection
	GlobalSection(ProjectConfigurationPlatforms) = postSolution
		{30B82050-8EF9-49FF-A1C6-6F20803252F4}.Debug|Any CPU.ActiveCfg = Debug|Any CPU
		{30B82050-8EF9-49FF-A1C6-6F20803252F4}.Debug|Any CPU.Build.0 = Debug|Any CPU
		{30B82050-8EF9-49FF-A1C6-6F20803252F4}.Release|Any CPU.ActiveCfg = Release|Any CPU
		{30B82050-8EF9-49FF-A1C6-6F20803252F4}.Release|Any CPU.Build.0 = Release|Any CPU
		{CB1FC32C-CC35-4A2C-8AD7-9C06636C169F}.Debug|Any CPU.ActiveCfg = Debug|Any CPU
		{CB1FC32C-CC35-4A2C-8AD7-9C06636C169F}.Debug|Any CPU.Build.0 = Debug|Any CPU
		{CB1FC32C-CC35-4A2C-8AD7-9C06636C169F}.Release|Any CPU.ActiveCfg = Release|Any CPU
		{CB1FC32C-CC35-4A2C-8AD7-9C06636C169F}.Release|Any CPU.Build.0 = Release|Any CPU
	EndGlobalSection
	GlobalSection(SolutionProperties) = preSolution
		HideSolutionNode = FALSE
	EndGlobalSection
	GlobalSection(ExtensibilityGlobals) = postSolution
		SolutionGuid = {AB84A39F-9F1D-4982-9789-BBBC8A48FFF3}
	EndGlobalSection
EndGlobal
